
Microsoft Visual Studio Solution File, Format Version 12.00
# Visual Studio Version 17
VisualStudioVersion = 17.1.32319.34
MinimumVisualStudioVersion = 10.0.40219.1
Project("{9A19103F-16F7-4668-BE54-9A1E7A4F7556}") = "EntityFramework.Repository", "EntityFramework.Repository\EntityFramework.Repository.csproj", "{8723C782-0D06-4C63-8957-EF2FC512DA21}"
EndProject
Project("{9A19103F-16F7-4668-BE54-9A1E7A4F7556}") = "Query.Expressions", "Repository.Expressions\Query.Expressions.csproj", "{47D93752-3A2A-456C-B7A2-47CE11DCCC1B}"
EndProject
Project("{9A19103F-16F7-4668-BE54-9A1E7A4F7556}") = "Repository.Abstraction", "Repository.Abstraction\Repository.Abstraction.csproj", "{3F57B109-A40A-4C73-B63D-A684E671AF2C}"
EndProject
Project("{9A19103F-16F7-4668-BE54-9A1E7A4F7556}") = "Query.Expressions.Test", "Repository.Expresssions.Test\Query.Expressions.Test.csproj", "{2DA05A66-73F3-4C9F-B101-75C3F498FD0B}"
EndProject
Project("{9A19103F-16F7-4668-BE54-9A1E7A4F7556}") = "EntityFramework.Repository.Test", "Repository.Test\EntityFramework.Repository.Test.csproj", "{6B74DC98-F367-41DA-962E-DD7FE800E473}"
EndProject
Project("{9A19103F-16F7-4668-BE54-9A1E7A4F7556}") = "Model.Abstraction", "Repository.Model\Model.Abstraction.csproj", "{9C6774D1-F864-48C8-B6C7-91F24B60948B}"
EndProject
Project("{9A19103F-16F7-4668-BE54-9A1E7A4F7556}") = "Model.Serialiser", "Repository.Serialiser\Model.Serialiser.csproj", "{868C92E8-D184-449B-A3B7-899589E217C4}"
EndProject
Project("{9A19103F-16F7-4668-BE54-9A1E7A4F7556}") = "Configuration.Utility", "Configuration.Utility\Configuration.Utility.csproj", "{D91ED7F3-F587-4E47-8EE3-FA5587E8C92E}"
EndProject
Project("{FAE04EC0-301F-11D3-BF4B-00C04F79EFBC}") = "Model.Serialiser.Test", "Model.Serialiser.Test\Model.Serialiser.Test.csproj", "{B4C8964F-A0C6-4691-B87E-AC1BF4783C34}"
EndProject
Project("{FAE04EC0-301F-11D3-BF4B-00C04F79EFBC}") = "Configuration.Utility.Test", "Configuration.Utility.Test\Configuration.Utility.Test.csproj", "{50473E7F-3502-49C4-87F1-BBA206AF7891}"
EndProject
Project("{FAE04EC0-301F-11D3-BF4B-00C04F79EFBC}") = "Model.Abstraction.Test", "Model.Abstraction.Test\Model.Abstraction.Test.csproj", "{8612FFDC-667F-4CAA-AB38-5AE7E7BD3717}"
EndProject
Project("{2150E333-8FDC-42A3-9474-1A3956D46DE8}") = "Test", "Test", "{63152CD0-D26B-4BBF-B53E-B4AE0E216B1A}"
EndProject
Project("{FAE04EC0-301F-11D3-BF4B-00C04F79EFBC}") = "Test.Model", "Test.Model\Test.Model.csproj", "{316A8B7C-1930-4278-9301-528A4FE90ECC}"
EndProject
Global
	GlobalSection(SolutionConfigurationPlatforms) = preSolution
		Debug|Any CPU = Debug|Any CPU
		Release|Any CPU = Release|Any CPU
	EndGlobalSection
	GlobalSection(ProjectConfigurationPlatforms) = postSolution
		{8723C782-0D06-4C63-8957-EF2FC512DA21}.Debug|Any CPU.ActiveCfg = Debug|Any CPU
		{8723C782-0D06-4C63-8957-EF2FC512DA21}.Debug|Any CPU.Build.0 = Debug|Any CPU
		{8723C782-0D06-4C63-8957-EF2FC512DA21}.Release|Any CPU.ActiveCfg = Release|Any CPU
		{8723C782-0D06-4C63-8957-EF2FC512DA21}.Release|Any CPU.Build.0 = Release|Any CPU
		{47D93752-3A2A-456C-B7A2-47CE11DCCC1B}.Debug|Any CPU.ActiveCfg = Debug|Any CPU
		{47D93752-3A2A-456C-B7A2-47CE11DCCC1B}.Debug|Any CPU.Build.0 = Debug|Any CPU
		{47D93752-3A2A-456C-B7A2-47CE11DCCC1B}.Release|Any CPU.ActiveCfg = Release|Any CPU
		{47D93752-3A2A-456C-B7A2-47CE11DCCC1B}.Release|Any CPU.Build.0 = Release|Any CPU
		{3F57B109-A40A-4C73-B63D-A684E671AF2C}.Debug|Any CPU.ActiveCfg = Debug|Any CPU
		{3F57B109-A40A-4C73-B63D-A684E671AF2C}.Debug|Any CPU.Build.0 = Debug|Any CPU
		{3F57B109-A40A-4C73-B63D-A684E671AF2C}.Release|Any CPU.ActiveCfg = Release|Any CPU
		{3F57B109-A40A-4C73-B63D-A684E671AF2C}.Release|Any CPU.Build.0 = Release|Any CPU
		{2DA05A66-73F3-4C9F-B101-75C3F498FD0B}.Debug|Any CPU.ActiveCfg = Debug|Any CPU
		{2DA05A66-73F3-4C9F-B101-75C3F498FD0B}.Debug|Any CPU.Build.0 = Debug|Any CPU
		{2DA05A66-73F3-4C9F-B101-75C3F498FD0B}.Release|Any CPU.ActiveCfg = Release|Any CPU
		{2DA05A66-73F3-4C9F-B101-75C3F498FD0B}.Release|Any CPU.Build.0 = Release|Any CPU
		{6B74DC98-F367-41DA-962E-DD7FE800E473}.Debug|Any CPU.ActiveCfg = Debug|Any CPU
		{6B74DC98-F367-41DA-962E-DD7FE800E473}.Debug|Any CPU.Build.0 = Debug|Any CPU
		{6B74DC98-F367-41DA-962E-DD7FE800E473}.Release|Any CPU.ActiveCfg = Release|Any CPU
		{6B74DC98-F367-41DA-962E-DD7FE800E473}.Release|Any CPU.Build.0 = Release|Any CPU
		{9C6774D1-F864-48C8-B6C7-91F24B60948B}.Debug|Any CPU.ActiveCfg = Debug|Any CPU
		{9C6774D1-F864-48C8-B6C7-91F24B60948B}.Debug|Any CPU.Build.0 = Debug|Any CPU
		{9C6774D1-F864-48C8-B6C7-91F24B60948B}.Release|Any CPU.ActiveCfg = Release|Any CPU
		{9C6774D1-F864-48C8-B6C7-91F24B60948B}.Release|Any CPU.Build.0 = Release|Any CPU
		{868C92E8-D184-449B-A3B7-899589E217C4}.Debug|Any CPU.ActiveCfg = Debug|Any CPU
		{868C92E8-D184-449B-A3B7-899589E217C4}.Debug|Any CPU.Build.0 = Debug|Any CPU
		{868C92E8-D184-449B-A3B7-899589E217C4}.Release|Any CPU.ActiveCfg = Release|Any CPU
		{868C92E8-D184-449B-A3B7-899589E217C4}.Release|Any CPU.Build.0 = Release|Any CPU
		{D91ED7F3-F587-4E47-8EE3-FA5587E8C92E}.Debug|Any CPU.ActiveCfg = Debug|Any CPU
		{D91ED7F3-F587-4E47-8EE3-FA5587E8C92E}.Debug|Any CPU.Build.0 = Debug|Any CPU
		{D91ED7F3-F587-4E47-8EE3-FA5587E8C92E}.Release|Any CPU.ActiveCfg = Release|Any CPU
		{D91ED7F3-F587-4E47-8EE3-FA5587E8C92E}.Release|Any CPU.Build.0 = Release|Any CPU
		{B4C8964F-A0C6-4691-B87E-AC1BF4783C34}.Debug|Any CPU.ActiveCfg = Debug|Any CPU
		{B4C8964F-A0C6-4691-B87E-AC1BF4783C34}.Debug|Any CPU.Build.0 = Debug|Any CPU
		{B4C8964F-A0C6-4691-B87E-AC1BF4783C34}.Release|Any CPU.ActiveCfg = Release|Any CPU
		{B4C8964F-A0C6-4691-B87E-AC1BF4783C34}.Release|Any CPU.Build.0 = Release|Any CPU
		{50473E7F-3502-49C4-87F1-BBA206AF7891}.Debug|Any CPU.ActiveCfg = Debug|Any CPU
		{50473E7F-3502-49C4-87F1-BBA206AF7891}.Debug|Any CPU.Build.0 = Debug|Any CPU
		{50473E7F-3502-49C4-87F1-BBA206AF7891}.Release|Any CPU.ActiveCfg = Release|Any CPU
		{50473E7F-3502-49C4-87F1-BBA206AF7891}.Release|Any CPU.Build.0 = Release|Any CPU
		{8612FFDC-667F-4CAA-AB38-5AE7E7BD3717}.Debug|Any CPU.ActiveCfg = Debug|Any CPU
		{8612FFDC-667F-4CAA-AB38-5AE7E7BD3717}.Debug|Any CPU.Build.0 = Debug|Any CPU
		{8612FFDC-667F-4CAA-AB38-5AE7E7BD3717}.Release|Any CPU.ActiveCfg = Release|Any CPU
		{8612FFDC-667F-4CAA-AB38-5AE7E7BD3717}.Release|Any CPU.Build.0 = Release|Any CPU
		{316A8B7C-1930-4278-9301-528A4FE90ECC}.Debug|Any CPU.ActiveCfg = Debug|Any CPU
		{316A8B7C-1930-4278-9301-528A4FE90ECC}.Debug|Any CPU.Build.0 = Debug|Any CPU
		{316A8B7C-1930-4278-9301-528A4FE90ECC}.Release|Any CPU.ActiveCfg = Release|Any CPU
		{316A8B7C-1930-4278-9301-528A4FE90ECC}.Release|Any CPU.Build.0 = Release|Any CPU
	EndGlobalSection
	GlobalSection(SolutionProperties) = preSolution
		HideSolutionNode = FALSE
	EndGlobalSection
	GlobalSection(NestedProjects) = preSolution
		{2DA05A66-73F3-4C9F-B101-75C3F498FD0B} = {63152CD0-D26B-4BBF-B53E-B4AE0E216B1A}
		{6B74DC98-F367-41DA-962E-DD7FE800E473} = {63152CD0-D26B-4BBF-B53E-B4AE0E216B1A}
		{B4C8964F-A0C6-4691-B87E-AC1BF4783C34} = {63152CD0-D26B-4BBF-B53E-B4AE0E216B1A}
		{50473E7F-3502-49C4-87F1-BBA206AF7891} = {63152CD0-D26B-4BBF-B53E-B4AE0E216B1A}
		{8612FFDC-667F-4CAA-AB38-5AE7E7BD3717} = {63152CD0-D26B-4BBF-B53E-B4AE0E216B1A}
		{316A8B7C-1930-4278-9301-528A4FE90ECC} = {63152CD0-D26B-4BBF-B53E-B4AE0E216B1A}
	EndGlobalSection
	GlobalSection(ExtensibilityGlobals) = postSolution
		SolutionGuid = {485ECB04-0B0D-4B6D-B837-1D90375E5CFF}
	EndGlobalSection
EndGlobal
